
Microsoft Visual Studio Solution File, Format Version 12.00
# Visual Studio Version 16
VisualStudioVersion = 16.0.810.16
MinimumVisualStudioVersion = 10.0.40219.1
Project("{FAE04EC0-301F-11D3-BF4B-00C04F79EFBC}") = "my-books", "my-books\my-books.csproj", "{D24A966F-A275-4020-8FCB-66FD59D14106}"
EndProject
Global
	GlobalSection(SolutionConfigurationPlatforms) = preSolution
		Debug|Any CPU = Debug|Any CPU
		Release|Any CPU = Release|Any CPU
	EndGlobalSection
	GlobalSection(ProjectConfigurationPlatforms) = postSolution
		{D24A966F-A275-4020-8FCB-66FD59D14106}.Debug|Any CPU.ActiveCfg = Debug|Any CPU
		{D24A966F-A275-4020-8FCB-66FD59D14106}.Debug|Any CPU.Build.0 = Debug|Any CPU
		{D24A966F-A275-4020-8FCB-66FD59D14106}.Release|Any CPU.ActiveCfg = Release|Any CPU
		{D24A966F-A275-4020-8FCB-66FD59D14106}.Release|Any CPU.Build.0 = Release|Any CPU
	EndGlobalSection
	GlobalSection(SolutionProperties) = preSolution
		HideSolutionNode = FALSE
	EndGlobalSection
	GlobalSection(ExtensibilityGlobals) = postSolution
		SolutionGuid = {64886179-3EF4-4FCD-B14C-BF5B4F5DD4EA}
	EndGlobalSection
EndGlobal
